// !$*UTF8*$!
{
	archiveVersion = 1;
	classes = {
	};
	objectVersion = 56;
	objects = {

/* Begin PBXBuildFile section */
		30604E392B03A2F400AB8460 /* DescriptionView.swift in Sources */ = {isa = PBXBuildFile; fileRef = 30604E382B03A2F400AB8460 /* DescriptionView.swift */; };
		5A31AE412AFE5E480065C63F /* ItemStruct.swift in Sources */ = {isa = PBXBuildFile; fileRef = 5A31AE402AFE5E480065C63F /* ItemStruct.swift */; };
		5A468BA92AFA76B700B53B25 /* VerboVitrineApp.swift in Sources */ = {isa = PBXBuildFile; fileRef = 5A468BA82AFA76B700B53B25 /* VerboVitrineApp.swift */; };
		5A468BAB2AFA76B700B53B25 /* ContentView.swift in Sources */ = {isa = PBXBuildFile; fileRef = 5A468BAA2AFA76B700B53B25 /* ContentView.swift */; };
		5A468BAD2AFA76B800B53B25 /* Assets.xcassets in Resources */ = {isa = PBXBuildFile; fileRef = 5A468BAC2AFA76B800B53B25 /* Assets.xcassets */; };
		5A468BB02AFA76B800B53B25 /* Preview Assets.xcassets in Resources */ = {isa = PBXBuildFile; fileRef = 5A468BAF2AFA76B800B53B25 /* Preview Assets.xcassets */; };
		5A726FB42AFE5ECF00984AB1 /* InfosPeca.swift in Sources */ = {isa = PBXBuildFile; fileRef = 5A726FB32AFE5ECE00984AB1 /* InfosPeca.swift */; };
		5A7B3C092AFBCD460035B037 /* ChatViewModel.swift in Sources */ = {isa = PBXBuildFile; fileRef = 5A7B3C082AFBCD460035B037 /* ChatViewModel.swift */; };
		5A7B3C0C2AFBCDBE0035B037 /* ChatView.swift in Sources */ = {isa = PBXBuildFile; fileRef = 5A7B3C0B2AFBCDBE0035B037 /* ChatView.swift */; };
		5A7B3C0F2AFC01A00035B037 /* Alamofire in Frameworks */ = {isa = PBXBuildFile; productRef = 5A7B3C0E2AFC01A00035B037 /* Alamofire */; };
		5A7B3C112AFC01CE0035B037 /* Alamofire in Frameworks */ = {isa = PBXBuildFile; productRef = 5A7B3C102AFC01CE0035B037 /* Alamofire */; };
		5A7B3C132AFC02370035B037 /* OpenAIService.swift in Sources */ = {isa = PBXBuildFile; fileRef = 5A7B3C122AFC02370035B037 /* OpenAIService.swift */; };
		5A7B3C152AFC0AA10035B037 /* Constants.swift in Sources */ = {isa = PBXBuildFile; fileRef = 5A7B3C142AFC0AA10035B037 /* Constants.swift */; };
		5A9A86F52B024807000BDF46 /* MedidasView.swift in Sources */ = {isa = PBXBuildFile; fileRef = 5A9A86F42B024807000BDF46 /* MedidasView.swift */; };
		5A9A86F72B024CDF000BDF46 /* HashtagsView.swift in Sources */ = {isa = PBXBuildFile; fileRef = 5A9A86F62B024CDF000BDF46 /* HashtagsView.swift */; };
		5A9A86F92B024D19000BDF46 /* DescBaseView.swift in Sources */ = {isa = PBXBuildFile; fileRef = 5A9A86F82B024D19000BDF46 /* DescBaseView.swift */; };
/* End PBXBuildFile section */

/* Begin PBXFileReference section */
		30604E382B03A2F400AB8460 /* DescriptionView.swift */ = {isa = PBXFileReference; lastKnownFileType = sourcecode.swift; path = DescriptionView.swift; sourceTree = "<group>"; };
		5A31AE402AFE5E480065C63F /* ItemStruct.swift */ = {isa = PBXFileReference; lastKnownFileType = sourcecode.swift; path = ItemStruct.swift; sourceTree = "<group>"; };
		5A468BA52AFA76B700B53B25 /* VerboVitrine.app */ = {isa = PBXFileReference; explicitFileType = wrapper.application; includeInIndex = 0; path = VerboVitrine.app; sourceTree = BUILT_PRODUCTS_DIR; };
		5A468BA82AFA76B700B53B25 /* VerboVitrineApp.swift */ = {isa = PBXFileReference; lastKnownFileType = sourcecode.swift; path = VerboVitrineApp.swift; sourceTree = "<group>"; };
		5A468BAA2AFA76B700B53B25 /* ContentView.swift */ = {isa = PBXFileReference; lastKnownFileType = sourcecode.swift; path = ContentView.swift; sourceTree = "<group>"; };
		5A468BAC2AFA76B800B53B25 /* Assets.xcassets */ = {isa = PBXFileReference; lastKnownFileType = folder.assetcatalog; path = Assets.xcassets; sourceTree = "<group>"; };
		5A468BAF2AFA76B800B53B25 /* Preview Assets.xcassets */ = {isa = PBXFileReference; lastKnownFileType = folder.assetcatalog; path = "Preview Assets.xcassets"; sourceTree = "<group>"; };
		5A726FB32AFE5ECE00984AB1 /* InfosPeca.swift */ = {isa = PBXFileReference; lastKnownFileType = sourcecode.swift; path = InfosPeca.swift; sourceTree = "<group>"; };
		5A7B3C082AFBCD460035B037 /* ChatViewModel.swift */ = {isa = PBXFileReference; lastKnownFileType = sourcecode.swift; path = ChatViewModel.swift; sourceTree = "<group>"; };
		5A7B3C0B2AFBCDBE0035B037 /* ChatView.swift */ = {isa = PBXFileReference; lastKnownFileType = sourcecode.swift; path = ChatView.swift; sourceTree = "<group>"; };
		5A7B3C122AFC02370035B037 /* OpenAIService.swift */ = {isa = PBXFileReference; lastKnownFileType = sourcecode.swift; path = OpenAIService.swift; sourceTree = "<group>"; };
		5A7B3C142AFC0AA10035B037 /* Constants.swift */ = {isa = PBXFileReference; lastKnownFileType = sourcecode.swift; path = Constants.swift; sourceTree = "<group>"; };
		5A9A86F42B024807000BDF46 /* MedidasView.swift */ = {isa = PBXFileReference; lastKnownFileType = sourcecode.swift; path = MedidasView.swift; sourceTree = "<group>"; };
		5A9A86F62B024CDF000BDF46 /* HashtagsView.swift */ = {isa = PBXFileReference; lastKnownFileType = sourcecode.swift; path = HashtagsView.swift; sourceTree = "<group>"; };
		5A9A86F82B024D19000BDF46 /* DescBaseView.swift */ = {isa = PBXFileReference; lastKnownFileType = sourcecode.swift; path = DescBaseView.swift; sourceTree = "<group>"; };
/* End PBXFileReference section */

/* Begin PBXFrameworksBuildPhase section */
		5A468BA22AFA76B700B53B25 /* Frameworks */ = {
			isa = PBXFrameworksBuildPhase;
			buildActionMask = 2147483647;
			files = (
				5A7B3C0F2AFC01A00035B037 /* Alamofire in Frameworks */,
				5A7B3C112AFC01CE0035B037 /* Alamofire in Frameworks */,
			);
			runOnlyForDeploymentPostprocessing = 0;
		};
/* End PBXFrameworksBuildPhase section */

/* Begin PBXGroup section */
		5A468B9C2AFA76B700B53B25 = {
			isa = PBXGroup;
			children = (
				5A468BA72AFA76B700B53B25 /* VerboVitrine */,
				5A468BA62AFA76B700B53B25 /* Products */,
			);
			sourceTree = "<group>";
		};
		5A468BA62AFA76B700B53B25 /* Products */ = {
			isa = PBXGroup;
			children = (
				5A468BA52AFA76B700B53B25 /* VerboVitrine.app */,
			);
			name = Products;
			sourceTree = "<group>";
		};
		5A468BA72AFA76B700B53B25 /* VerboVitrine */ = {
			isa = PBXGroup;
			children = (
				5A468BA82AFA76B700B53B25 /* VerboVitrineApp.swift */,
				5A468BAA2AFA76B700B53B25 /* ContentView.swift */,
				5A7B3C0A2AFBCD670035B037 /* Views */,
				5A468BBF2AFBCCE400B53B25 /* Models */,
				5A468BAC2AFA76B800B53B25 /* Assets.xcassets */,
				5A468BAE2AFA76B800B53B25 /* Preview Content */,
			);
			path = VerboVitrine;
			sourceTree = "<group>";
		};
		5A468BAE2AFA76B800B53B25 /* Preview Content */ = {
			isa = PBXGroup;
			children = (
				5A468BAF2AFA76B800B53B25 /* Preview Assets.xcassets */,
			);
			path = "Preview Content";
			sourceTree = "<group>";
		};
		5A468BBF2AFBCCE400B53B25 /* Models */ = {
			isa = PBXGroup;
			children = (
				5A7B3C082AFBCD460035B037 /* ChatViewModel.swift */,
				5A7B3C122AFC02370035B037 /* OpenAIService.swift */,
				5A7B3C142AFC0AA10035B037 /* Constants.swift */,
				5A31AE402AFE5E480065C63F /* ItemStruct.swift */,
			);
			path = Models;
			sourceTree = "<group>";
		};
		5A7B3C0A2AFBCD670035B037 /* Views */ = {
			isa = PBXGroup;
			children = (
				30604E3A2B063FCD00AB8460 /* DescriptionView.swift */,
				5A7B3C0B2AFBCDBE0035B037 /* ChatView.swift */,
				5A726FB32AFE5ECE00984AB1 /* InfosPeca.swift */,
				30604E382B03A2F400AB8460 /* DescriptionView.swift */,
				5A9A86F32B0247DF000BDF46 /* SheetViews */,
			);
			path = Views;
			sourceTree = "<group>";
		};
		5A9A86F32B0247DF000BDF46 /* SheetViews */ = {
			isa = PBXGroup;
			children = (
				5A9A86F42B024807000BDF46 /* MedidasView.swift */,
				5A9A86F62B024CDF000BDF46 /* HashtagsView.swift */,
				5A9A86F82B024D19000BDF46 /* DescBaseView.swift */,
			);
			path = SheetViews;
			sourceTree = "<group>";
		};
/* End PBXGroup section */

/* Begin PBXNativeTarget section */
		5A468BA42AFA76B700B53B25 /* VerboVitrine */ = {
			isa = PBXNativeTarget;
			buildConfigurationList = 5A468BB32AFA76B800B53B25 /* Build configuration list for PBXNativeTarget "VerboVitrine" */;
			buildPhases = (
				5A468BA12AFA76B700B53B25 /* Sources */,
				5A468BA22AFA76B700B53B25 /* Frameworks */,
				5A468BA32AFA76B700B53B25 /* Resources */,
			);
			buildRules = (
			);
			dependencies = (
			);
			name = VerboVitrine;
			packageProductDependencies = (
				5A7B3C0E2AFC01A00035B037 /* Alamofire */,
				5A7B3C102AFC01CE0035B037 /* Alamofire */,
			);
			productName = VerboVitrine;
			productReference = 5A468BA52AFA76B700B53B25 /* VerboVitrine.app */;
			productType = "com.apple.product-type.application";
		};
/* End PBXNativeTarget section */

/* Begin PBXProject section */
		5A468B9D2AFA76B700B53B25 /* Project object */ = {
			isa = PBXProject;
			attributes = {
				BuildIndependentTargetsInParallel = 1;
				LastSwiftUpdateCheck = 1500;
				LastUpgradeCheck = 1500;
				TargetAttributes = {
					5A468BA42AFA76B700B53B25 = {
						CreatedOnToolsVersion = 15.0.1;
					};
				};
			};
			buildConfigurationList = 5A468BA02AFA76B700B53B25 /* Build configuration list for PBXProject "VerboVitrine" */;
			compatibilityVersion = "Xcode 14.0";
			developmentRegion = en;
			hasScannedForEncodings = 0;
			knownRegions = (
				en,
				Base,
			);
			mainGroup = 5A468B9C2AFA76B700B53B25;
			packageReferences = (
				5A7B3C0D2AFC01A00035B037 /* XCRemoteSwiftPackageReference "Alamofire" */,
			);
			productRefGroup = 5A468BA62AFA76B700B53B25 /* Products */;
			projectDirPath = "";
			projectRoot = "";
			targets = (
				5A468BA42AFA76B700B53B25 /* VerboVitrine */,
			);
		};
/* End PBXProject section */

/* Begin PBXResourcesBuildPhase section */
		5A468BA32AFA76B700B53B25 /* Resources */ = {
			isa = PBXResourcesBuildPhase;
			buildActionMask = 2147483647;
			files = (
				5A468BB02AFA76B800B53B25 /* Preview Assets.xcassets in Resources */,
				5A468BAD2AFA76B800B53B25 /* Assets.xcassets in Resources */,
			);
			runOnlyForDeploymentPostprocessing = 0;
		};
/* End PBXResourcesBuildPhase section */

/* Begin PBXSourcesBuildPhase section */
		5A468BA12AFA76B700B53B25 /* Sources */ = {
			isa = PBXSourcesBuildPhase;
			buildActionMask = 2147483647;
			files = (
				5A9A86F52B024807000BDF46 /* MedidasView.swift in Sources */,
				5A7B3C0C2AFBCDBE0035B037 /* ChatView.swift in Sources */,
				5A468BAB2AFA76B700B53B25 /* ContentView.swift in Sources */,
				30604E392B03A2F400AB8460 /* DescriptionView.swift in Sources */,
				5A9A86F72B024CDF000BDF46 /* HashtagsView.swift in Sources */,
				5A7B3C132AFC02370035B037 /* OpenAIService.swift in Sources */,
				5A31AE412AFE5E480065C63F /* ItemStruct.swift in Sources */,
				5A468BA92AFA76B700B53B25 /* VerboVitrineApp.swift in Sources */,
				5A7B3C092AFBCD460035B037 /* ChatViewModel.swift in Sources */,
				5A726FB42AFE5ECF00984AB1 /* InfosPeca.swift in Sources */,
				5A9A86F92B024D19000BDF46 /* DescBaseView.swift in Sources */,
				5A7B3C152AFC0AA10035B037 /* Constants.swift in Sources */,
			);
			runOnlyForDeploymentPostprocessing = 0;
		};
/* End PBXSourcesBuildPhase section */

/* Begin XCBuildConfiguration section */
		5A468BB12AFA76B800B53B25 /* Debug */ = {
			isa = XCBuildConfiguration;
			buildSettings = {
				ALWAYS_SEARCH_USER_PATHS = NO;
				ASSETCATALOG_COMPILER_GENERATE_SWIFT_ASSET_SYMBOL_EXTENSIONS = YES;
				CLANG_ANALYZER_NONNULL = YES;
				CLANG_ANALYZER_NUMBER_OBJECT_CONVERSION = YES_AGGRESSIVE;
				CLANG_CXX_LANGUAGE_STANDARD = "gnu++20";
				CLANG_ENABLE_MODULES = YES;
				CLANG_ENABLE_OBJC_ARC = YES;
				CLANG_ENABLE_OBJC_WEAK = YES;
				CLANG_WARN_BLOCK_CAPTURE_AUTORELEASING = YES;
				CLANG_WARN_BOOL_CONVERSION = YES;
				CLANG_WARN_COMMA = YES;
				CLANG_WARN_CONSTANT_CONVERSION = YES;
				CLANG_WARN_DEPRECATED_OBJC_IMPLEMENTATIONS = YES;
				CLANG_WARN_DIRECT_OBJC_ISA_USAGE = YES_ERROR;
				CLANG_WARN_DOCUMENTATION_COMMENTS = YES;
				CLANG_WARN_EMPTY_BODY = YES;
				CLANG_WARN_ENUM_CONVERSION = YES;
				CLANG_WARN_INFINITE_RECURSION = YES;
				CLANG_WARN_INT_CONVERSION = YES;
				CLANG_WARN_NON_LITERAL_NULL_CONVERSION = YES;
				CLANG_WARN_OBJC_IMPLICIT_RETAIN_SELF = YES;
				CLANG_WARN_OBJC_LITERAL_CONVERSION = YES;
				CLANG_WARN_OBJC_ROOT_CLASS = YES_ERROR;
				CLANG_WARN_QUOTED_INCLUDE_IN_FRAMEWORK_HEADER = YES;
				CLANG_WARN_RANGE_LOOP_ANALYSIS = YES;
				CLANG_WARN_STRICT_PROTOTYPES = YES;
				CLANG_WARN_SUSPICIOUS_MOVE = YES;
				CLANG_WARN_UNGUARDED_AVAILABILITY = YES_AGGRESSIVE;
				CLANG_WARN_UNREACHABLE_CODE = YES;
				CLANG_WARN__DUPLICATE_METHOD_MATCH = YES;
				COPY_PHASE_STRIP = NO;
				DEBUG_INFORMATION_FORMAT = dwarf;
				ENABLE_STRICT_OBJC_MSGSEND = YES;
				ENABLE_TESTABILITY = YES;
				ENABLE_USER_SCRIPT_SANDBOXING = YES;
				GCC_C_LANGUAGE_STANDARD = gnu17;
				GCC_DYNAMIC_NO_PIC = NO;
				GCC_NO_COMMON_BLOCKS = YES;
				GCC_OPTIMIZATION_LEVEL = 0;
				GCC_PREPROCESSOR_DEFINITIONS = (
					"DEBUG=1",
					"$(inherited)",
				);
				GCC_WARN_64_TO_32_BIT_CONVERSION = YES;
				GCC_WARN_ABOUT_RETURN_TYPE = YES_ERROR;
				GCC_WARN_UNDECLARED_SELECTOR = YES;
				GCC_WARN_UNINITIALIZED_AUTOS = YES_AGGRESSIVE;
				GCC_WARN_UNUSED_FUNCTION = YES;
				GCC_WARN_UNUSED_VARIABLE = YES;
				IPHONEOS_DEPLOYMENT_TARGET = 17.0;
				LOCALIZATION_PREFERS_STRING_CATALOGS = YES;
				MTL_ENABLE_DEBUG_INFO = INCLUDE_SOURCE;
				MTL_FAST_MATH = YES;
				ONLY_ACTIVE_ARCH = YES;
				SDKROOT = iphoneos;
				SWIFT_ACTIVE_COMPILATION_CONDITIONS = "DEBUG $(inherited)";
				SWIFT_OPTIMIZATION_LEVEL = "-Onone";
			};
			name = Debug;
		};
		5A468BB22AFA76B800B53B25 /* Release */ = {
			isa = XCBuildConfiguration;
			buildSettings = {
				ALWAYS_SEARCH_USER_PATHS = NO;
				ASSETCATALOG_COMPILER_GENERATE_SWIFT_ASSET_SYMBOL_EXTENSIONS = YES;
				CLANG_ANALYZER_NONNULL = YES;
				CLANG_ANALYZER_NUMBER_OBJECT_CONVERSION = YES_AGGRESSIVE;
				CLANG_CXX_LANGUAGE_STANDARD = "gnu++20";
				CLANG_ENABLE_MODULES = YES;
				CLANG_ENABLE_OBJC_ARC = YES;
				CLANG_ENABLE_OBJC_WEAK = YES;
				CLANG_WARN_BLOCK_CAPTURE_AUTORELEASING = YES;
				CLANG_WARN_BOOL_CONVERSION = YES;
				CLANG_WARN_COMMA = YES;
				CLANG_WARN_CONSTANT_CONVERSION = YES;
				CLANG_WARN_DEPRECATED_OBJC_IMPLEMENTATIONS = YES;
				CLANG_WARN_DIRECT_OBJC_ISA_USAGE = YES_ERROR;
				CLANG_WARN_DOCUMENTATION_COMMENTS = YES;
				CLANG_WARN_EMPTY_BODY = YES;
				CLANG_WARN_ENUM_CONVERSION = YES;
				CLANG_WARN_INFINITE_RECURSION = YES;
				CLANG_WARN_INT_CONVERSION = YES;
				CLANG_WARN_NON_LITERAL_NULL_CONVERSION = YES;
				CLANG_WARN_OBJC_IMPLICIT_RETAIN_SELF = YES;
				CLANG_WARN_OBJC_LITERAL_CONVERSION = YES;
				CLANG_WARN_OBJC_ROOT_CLASS = YES_ERROR;
				CLANG_WARN_QUOTED_INCLUDE_IN_FRAMEWORK_HEADER = YES;
				CLANG_WARN_RANGE_LOOP_ANALYSIS = YES;
				CLANG_WARN_STRICT_PROTOTYPES = YES;
				CLANG_WARN_SUSPICIOUS_MOVE = YES;
				CLANG_WARN_UNGUARDED_AVAILABILITY = YES_AGGRESSIVE;
				CLANG_WARN_UNREACHABLE_CODE = YES;
				CLANG_WARN__DUPLICATE_METHOD_MATCH = YES;
				COPY_PHASE_STRIP = NO;
				DEBUG_INFORMATION_FORMAT = "dwarf-with-dsym";
				ENABLE_NS_ASSERTIONS = NO;
				ENABLE_STRICT_OBJC_MSGSEND = YES;
				ENABLE_USER_SCRIPT_SANDBOXING = YES;
				GCC_C_LANGUAGE_STANDARD = gnu17;
				GCC_NO_COMMON_BLOCKS = YES;
				GCC_WARN_64_TO_32_BIT_CONVERSION = YES;
				GCC_WARN_ABOUT_RETURN_TYPE = YES_ERROR;
				GCC_WARN_UNDECLARED_SELECTOR = YES;
				GCC_WARN_UNINITIALIZED_AUTOS = YES_AGGRESSIVE;
				GCC_WARN_UNUSED_FUNCTION = YES;
				GCC_WARN_UNUSED_VARIABLE = YES;
				IPHONEOS_DEPLOYMENT_TARGET = 17.0;
				LOCALIZATION_PREFERS_STRING_CATALOGS = YES;
				MTL_ENABLE_DEBUG_INFO = NO;
				MTL_FAST_MATH = YES;
				SDKROOT = iphoneos;
				SWIFT_COMPILATION_MODE = wholemodule;
				VALIDATE_PRODUCT = YES;
			};
			name = Release;
		};
		5A468BB42AFA76B800B53B25 /* Debug */ = {
			isa = XCBuildConfiguration;
			buildSettings = {
				ASSETCATALOG_COMPILER_APPICON_NAME = AppIcon;
				ASSETCATALOG_COMPILER_GLOBAL_ACCENT_COLOR_NAME = AccentColor;
				CODE_SIGN_STYLE = Automatic;
				CURRENT_PROJECT_VERSION = 1;
				DEVELOPMENT_ASSET_PATHS = "\"VerboVitrine/Preview Content\"";
				DEVELOPMENT_TEAM = N5DJJCAK38;
				ENABLE_PREVIEWS = YES;
				GENERATE_INFOPLIST_FILE = YES;
				INFOPLIST_KEY_UIApplicationSceneManifest_Generation = YES;
				INFOPLIST_KEY_UIApplicationSupportsIndirectInputEvents = YES;
				INFOPLIST_KEY_UILaunchScreen_Generation = YES;
				INFOPLIST_KEY_UISupportedInterfaceOrientations_iPad = "UIInterfaceOrientationPortrait UIInterfaceOrientationPortraitUpsideDown UIInterfaceOrientationLandscapeLeft UIInterfaceOrientationLandscapeRight";
				INFOPLIST_KEY_UISupportedInterfaceOrientations_iPhone = "UIInterfaceOrientationPortrait UIInterfaceOrientationLandscapeLeft UIInterfaceOrientationLandscapeRight";
				LD_RUNPATH_SEARCH_PATHS = (
					"$(inherited)",
					"@executable_path/Frameworks",
				);
				MARKETING_VERSION = 1.0;
				PRODUCT_BUNDLE_IDENTIFIER = KauaneS.VerboVitrine;
				PRODUCT_NAME = "$(TARGET_NAME)";
				SWIFT_EMIT_LOC_STRINGS = YES;
				SWIFT_VERSION = 5.0;
				TARGETED_DEVICE_FAMILY = "1,2";
			};
			name = Debug;
		};
		5A468BB52AFA76B800B53B25 /* Release */ = {
			isa = XCBuildConfiguration;
			buildSettings = {
				ASSETCATALOG_COMPILER_APPICON_NAME = AppIcon;
				ASSETCATALOG_COMPILER_GLOBAL_ACCENT_COLOR_NAME = AccentColor;
				CODE_SIGN_STYLE = Automatic;
				CURRENT_PROJECT_VERSION = 1;
				DEVELOPMENT_ASSET_PATHS = "\"VerboVitrine/Preview Content\"";
				DEVELOPMENT_TEAM = N5DJJCAK38;
				ENABLE_PREVIEWS = YES;
				GENERATE_INFOPLIST_FILE = YES;
				INFOPLIST_KEY_UIApplicationSceneManifest_Generation = YES;
				INFOPLIST_KEY_UIApplicationSupportsIndirectInputEvents = YES;
				INFOPLIST_KEY_UILaunchScreen_Generation = YES;
				INFOPLIST_KEY_UISupportedInterfaceOrientations_iPad = "UIInterfaceOrientationPortrait UIInterfaceOrientationPortraitUpsideDown UIInterfaceOrientationLandscapeLeft UIInterfaceOrientationLandscapeRight";
				INFOPLIST_KEY_UISupportedInterfaceOrientations_iPhone = "UIInterfaceOrientationPortrait UIInterfaceOrientationLandscapeLeft UIInterfaceOrientationLandscapeRight";
				LD_RUNPATH_SEARCH_PATHS = (
					"$(inherited)",
					"@executable_path/Frameworks",
				);
				MARKETING_VERSION = 1.0;
				PRODUCT_BUNDLE_IDENTIFIER = KauaneS.VerboVitrine;
				PRODUCT_NAME = "$(TARGET_NAME)";
				SWIFT_EMIT_LOC_STRINGS = YES;
				SWIFT_VERSION = 5.0;
				TARGETED_DEVICE_FAMILY = "1,2";
			};
			name = Release;
		};
/* End XCBuildConfiguration section */

/* Begin XCConfigurationList section */
		5A468BA02AFA76B700B53B25 /* Build configuration list for PBXProject "VerboVitrine" */ = {
			isa = XCConfigurationList;
			buildConfigurations = (
				5A468BB12AFA76B800B53B25 /* Debug */,
				5A468BB22AFA76B800B53B25 /* Release */,
			);
			defaultConfigurationIsVisible = 0;
			defaultConfigurationName = Release;
		};
		5A468BB32AFA76B800B53B25 /* Build configuration list for PBXNativeTarget "VerboVitrine" */ = {
			isa = XCConfigurationList;
			buildConfigurations = (
				5A468BB42AFA76B800B53B25 /* Debug */,
				5A468BB52AFA76B800B53B25 /* Release */,
			);
			defaultConfigurationIsVisible = 0;
			defaultConfigurationName = Release;
		};
/* End XCConfigurationList section */

/* Begin XCRemoteSwiftPackageReference section */
		5A7B3C0D2AFC01A00035B037 /* XCRemoteSwiftPackageReference "Alamofire" */ = {
			isa = XCRemoteSwiftPackageReference;
			repositoryURL = "https://github.com/Alamofire/Alamofire.git";
			requirement = {
				kind = upToNextMajorVersion;
				minimumVersion = 5.8.1;
			};
		};
/* End XCRemoteSwiftPackageReference section */

/* Begin XCSwiftPackageProductDependency section */
		5A7B3C0E2AFC01A00035B037 /* Alamofire */ = {
			isa = XCSwiftPackageProductDependency;
			package = 5A7B3C0D2AFC01A00035B037 /* XCRemoteSwiftPackageReference "Alamofire" */;
			productName = Alamofire;
		};
		5A7B3C102AFC01CE0035B037 /* Alamofire */ = {
			isa = XCSwiftPackageProductDependency;
			package = 5A7B3C0D2AFC01A00035B037 /* XCRemoteSwiftPackageReference "Alamofire" */;
			productName = Alamofire;
		};
/* End XCSwiftPackageProductDependency section */
	};
	rootObject = 5A468B9D2AFA76B700B53B25 /* Project object */;
}
